
Microsoft Visual Studio Solution File, Format Version 12.00
# Visual Studio Version 16
VisualStudioVersion = 16.0.30503.244
MinimumVisualStudioVersion = 10.0.40219.1
Project("{FAE04EC0-301F-11D3-BF4B-00C04F79EFBC}") = "Prueba", "Prueba\Prueba.csproj", "{7E1792F3-CCA9-4857-8C46-D9015A2642FF}"
EndProject
Global
	GlobalSection(SolutionConfigurationPlatforms) = preSolution
		Debug|Any CPU = Debug|Any CPU
		Release|Any CPU = Release|Any CPU
	EndGlobalSection
	GlobalSection(ProjectConfigurationPlatforms) = postSolution
		{7E1792F3-CCA9-4857-8C46-D9015A2642FF}.Debug|Any CPU.ActiveCfg = Debug|Any CPU
		{7E1792F3-CCA9-4857-8C46-D9015A2642FF}.Debug|Any CPU.Build.0 = Debug|Any CPU
		{7E1792F3-CCA9-4857-8C46-D9015A2642FF}.Release|Any CPU.ActiveCfg = Release|Any CPU
		{7E1792F3-CCA9-4857-8C46-D9015A2642FF}.Release|Any CPU.Build.0 = Release|Any CPU
	EndGlobalSection
	GlobalSection(SolutionProperties) = preSolution
		HideSolutionNode = FALSE
	EndGlobalSection
	GlobalSection(ExtensibilityGlobals) = postSolution
		SolutionGuid = {48E4CB7A-44B2-4FB7-B9D4-B7B38CBA589D}
	EndGlobalSection
EndGlobal
